// !$*UTF8*$!
{
	archiveVersion = 1;
	classes = {
	};
	objectVersion = 55;
	objects = {

/* Begin PBXBuildFile section */
		4235B754281ECAFA002EF8C2 /* AppDelegate.swift in Sources */ = {isa = PBXBuildFile; fileRef = 4235B753281ECAFA002EF8C2 /* AppDelegate.swift */; };
		4235B756281ECAFA002EF8C2 /* SceneDelegate.swift in Sources */ = {isa = PBXBuildFile; fileRef = 4235B755281ECAFA002EF8C2 /* SceneDelegate.swift */; };
		4235B758281ECAFA002EF8C2 /* ViewController.swift in Sources */ = {isa = PBXBuildFile; fileRef = 4235B757281ECAFA002EF8C2 /* ViewController.swift */; };
		4235B75B281ECAFA002EF8C2 /* Main.storyboard in Resources */ = {isa = PBXBuildFile; fileRef = 4235B759281ECAFA002EF8C2 /* Main.storyboard */; };
		4235B75D281ECAFD002EF8C2 /* Assets.xcassets in Resources */ = {isa = PBXBuildFile; fileRef = 4235B75C281ECAFD002EF8C2 /* Assets.xcassets */; };
		4235B760281ECAFD002EF8C2 /* LaunchScreen.storyboard in Resources */ = {isa = PBXBuildFile; fileRef = 4235B75E281ECAFD002EF8C2 /* LaunchScreen.storyboard */; };
		4235B768281ECB37002EF8C2 /* GitHubAPIManager.swift in Sources */ = {isa = PBXBuildFile; fileRef = 4235B767281ECB37002EF8C2 /* GitHubAPIManager.swift */; };
		4235B76B281ECBBB002EF8C2 /* Alamofire in Frameworks */ = {isa = PBXBuildFile; productRef = 4235B76A281ECBBB002EF8C2 /* Alamofire */; };
		4235B76D281ECC71002EF8C2 /* GistRouter.swift in Sources */ = {isa = PBXBuildFile; fileRef = 4235B76C281ECC71002EF8C2 /* GistRouter.swift */; };
		4235B771281ED386002EF8C2 /* Gist.swift in Sources */ = {isa = PBXBuildFile; fileRef = 4235B770281ED386002EF8C2 /* Gist.swift */; };
		4235B773281EDDD4002EF8C2 /* BackendError.swift in Sources */ = {isa = PBXBuildFile; fileRef = 4235B772281EDDD4002EF8C2 /* BackendError.swift */; };
		4235B775281EDE4A002EF8C2 /* JSONEncoder+EncodeResponse.swift in Sources */ = {isa = PBXBuildFile; fileRef = 4235B774281EDE4A002EF8C2 /* JSONEncoder+EncodeResponse.swift */; };
		C670F8A27E2684D2C2200F06 /* Pods_Gists.framework in Frameworks */ = {isa = PBXBuildFile; fileRef = 800FF046A9790AD0010E3E07 /* Pods_Gists.framework */; };
/* End PBXBuildFile section */

/* Begin PBXFileReference section */
		3F9CB52D81154B9420F166CE /* Pods-Gists.release.xcconfig */ = {isa = PBXFileReference; includeInIndex = 1; lastKnownFileType = text.xcconfig; name = "Pods-Gists.release.xcconfig"; path = "Target Support Files/Pods-Gists/Pods-Gists.release.xcconfig"; sourceTree = "<group>"; };
		4235B750281ECAFA002EF8C2 /* Gists.app */ = {isa = PBXFileReference; explicitFileType = wrapper.application; includeInIndex = 0; path = Gists.app; sourceTree = BUILT_PRODUCTS_DIR; };
		4235B753281ECAFA002EF8C2 /* AppDelegate.swift */ = {isa = PBXFileReference; lastKnownFileType = sourcecode.swift; path = AppDelegate.swift; sourceTree = "<group>"; };
		4235B755281ECAFA002EF8C2 /* SceneDelegate.swift */ = {isa = PBXFileReference; lastKnownFileType = sourcecode.swift; path = SceneDelegate.swift; sourceTree = "<group>"; };
		4235B757281ECAFA002EF8C2 /* ViewController.swift */ = {isa = PBXFileReference; lastKnownFileType = sourcecode.swift; path = ViewController.swift; sourceTree = "<group>"; };
		4235B75A281ECAFA002EF8C2 /* Base */ = {isa = PBXFileReference; lastKnownFileType = file.storyboard; name = Base; path = Base.lproj/Main.storyboard; sourceTree = "<group>"; };
		4235B75C281ECAFD002EF8C2 /* Assets.xcassets */ = {isa = PBXFileReference; lastKnownFileType = folder.assetcatalog; path = Assets.xcassets; sourceTree = "<group>"; };
		4235B75F281ECAFD002EF8C2 /* Base */ = {isa = PBXFileReference; lastKnownFileType = file.storyboard; name = Base; path = Base.lproj/LaunchScreen.storyboard; sourceTree = "<group>"; };
		4235B761281ECAFD002EF8C2 /* Info.plist */ = {isa = PBXFileReference; lastKnownFileType = text.plist.xml; path = Info.plist; sourceTree = "<group>"; };
		4235B767281ECB37002EF8C2 /* GitHubAPIManager.swift */ = {isa = PBXFileReference; lastKnownFileType = sourcecode.swift; path = GitHubAPIManager.swift; sourceTree = "<group>"; };
		4235B76C281ECC71002EF8C2 /* GistRouter.swift */ = {isa = PBXFileReference; lastKnownFileType = sourcecode.swift; path = GistRouter.swift; sourceTree = "<group>"; };
		4235B770281ED386002EF8C2 /* Gist.swift */ = {isa = PBXFileReference; lastKnownFileType = sourcecode.swift; path = Gist.swift; sourceTree = "<group>"; };
		4235B772281EDDD4002EF8C2 /* BackendError.swift */ = {isa = PBXFileReference; lastKnownFileType = sourcecode.swift; path = BackendError.swift; sourceTree = "<group>"; };
		4235B774281EDE4A002EF8C2 /* JSONEncoder+EncodeResponse.swift */ = {isa = PBXFileReference; lastKnownFileType = sourcecode.swift; path = "JSONEncoder+EncodeResponse.swift"; sourceTree = "<group>"; };
		800FF046A9790AD0010E3E07 /* Pods_Gists.framework */ = {isa = PBXFileReference; explicitFileType = wrapper.framework; includeInIndex = 0; path = Pods_Gists.framework; sourceTree = BUILT_PRODUCTS_DIR; };
		F4D43BB4DD901E8F6439178D /* Pods-Gists.debug.xcconfig */ = {isa = PBXFileReference; includeInIndex = 1; lastKnownFileType = text.xcconfig; name = "Pods-Gists.debug.xcconfig"; path = "Target Support Files/Pods-Gists/Pods-Gists.debug.xcconfig"; sourceTree = "<group>"; };
/* End PBXFileReference section */

/* Begin PBXFrameworksBuildPhase section */
		4235B74D281ECAFA002EF8C2 /* Frameworks */ = {
			isa = PBXFrameworksBuildPhase;
			buildActionMask = 2147483647;
			files = (
				4235B76B281ECBBB002EF8C2 /* Alamofire in Frameworks */,
				C670F8A27E2684D2C2200F06 /* Pods_Gists.framework in Frameworks */,
			);
			runOnlyForDeploymentPostprocessing = 0;
		};
/* End PBXFrameworksBuildPhase section */

/* Begin PBXGroup section */
		076D5FBBB115017EC2CE33E0 /* Frameworks */ = {
			isa = PBXGroup;
			children = (
				800FF046A9790AD0010E3E07 /* Pods_Gists.framework */,
			);
			name = Frameworks;
			sourceTree = "<group>";
		};
		4235B747281ECAFA002EF8C2 = {
			isa = PBXGroup;
			children = (
				4235B752281ECAFA002EF8C2 /* Gists */,
				4235B751281ECAFA002EF8C2 /* Products */,
				A1EB2D29FFE41D46E05F9138 /* Pods */,
				076D5FBBB115017EC2CE33E0 /* Frameworks */,
			);
			sourceTree = "<group>";
		};
		4235B751281ECAFA002EF8C2 /* Products */ = {
			isa = PBXGroup;
			children = (
				4235B750281ECAFA002EF8C2 /* Gists.app */,
			);
			name = Products;
			sourceTree = "<group>";
		};
		4235B752281ECAFA002EF8C2 /* Gists */ = {
			isa = PBXGroup;
			children = (
				4235B76F281ED378002EF8C2 /* Models */,
				4235B76E281ED36E002EF8C2 /* Networking */,
				4235B753281ECAFA002EF8C2 /* AppDelegate.swift */,
				4235B755281ECAFA002EF8C2 /* SceneDelegate.swift */,
				4235B757281ECAFA002EF8C2 /* ViewController.swift */,
				4235B759281ECAFA002EF8C2 /* Main.storyboard */,
				4235B75C281ECAFD002EF8C2 /* Assets.xcassets */,
				4235B75E281ECAFD002EF8C2 /* LaunchScreen.storyboard */,
				4235B761281ECAFD002EF8C2 /* Info.plist */,
			);
			path = Gists;
			sourceTree = "<group>";
		};
		4235B76E281ED36E002EF8C2 /* Networking */ = {
			isa = PBXGroup;
			children = (
				4235B772281EDDD4002EF8C2 /* BackendError.swift */,
				4235B76C281ECC71002EF8C2 /* GistRouter.swift */,
				4235B767281ECB37002EF8C2 /* GitHubAPIManager.swift */,
				4235B774281EDE4A002EF8C2 /* JSONEncoder+EncodeResponse.swift */,
			);
			path = Networking;
			sourceTree = "<group>";
		};
		4235B76F281ED378002EF8C2 /* Models */ = {
			isa = PBXGroup;
			children = (
				4235B770281ED386002EF8C2 /* Gist.swift */,
			);
			path = Models;
			sourceTree = "<group>";
		};
		A1EB2D29FFE41D46E05F9138 /* Pods */ = {
			isa = PBXGroup;
			children = (
				F4D43BB4DD901E8F6439178D /* Pods-Gists.debug.xcconfig */,
				3F9CB52D81154B9420F166CE /* Pods-Gists.release.xcconfig */,
			);
			name = Pods;
			path = Pods;
			sourceTree = "<group>";
		};
/* End PBXGroup section */

/* Begin PBXNativeTarget section */
		4235B74F281ECAFA002EF8C2 /* Gists */ = {
			isa = PBXNativeTarget;
			buildConfigurationList = 4235B764281ECAFD002EF8C2 /* Build configuration list for PBXNativeTarget "Gists" */;
			buildPhases = (
				26C454EC5AEF0E6D7125988A /* [CP] Check Pods Manifest.lock */,
				4235B74C281ECAFA002EF8C2 /* Sources */,
				4235B74D281ECAFA002EF8C2 /* Frameworks */,
				4235B74E281ECAFA002EF8C2 /* Resources */,
				F9A9A70E763595477A62BDF9 /* [CP] Embed Pods Frameworks */,
			);
			buildRules = (
			);
			dependencies = (
			);
			name = Gists;
			packageProductDependencies = (
				4235B76A281ECBBB002EF8C2 /* Alamofire */,
			);
			productName = Gists;
			productReference = 4235B750281ECAFA002EF8C2 /* Gists.app */;
			productType = "com.apple.product-type.application";
		};
/* End PBXNativeTarget section */

/* Begin PBXProject section */
		4235B748281ECAFA002EF8C2 /* Project object */ = {
			isa = PBXProject;
			attributes = {
				BuildIndependentTargetsInParallel = 1;
				LastSwiftUpdateCheck = 1330;
				LastUpgradeCheck = 1330;
				TargetAttributes = {
					4235B74F281ECAFA002EF8C2 = {
						CreatedOnToolsVersion = 13.3.1;
					};
				};
			};
			buildConfigurationList = 4235B74B281ECAFA002EF8C2 /* Build configuration list for PBXProject "Gists" */;
			compatibilityVersion = "Xcode 13.0";
			developmentRegion = en;
			hasScannedForEncodings = 0;
			knownRegions = (
				en,
				Base,
			);
			mainGroup = 4235B747281ECAFA002EF8C2;
			packageReferences = (
				4235B769281ECBBB002EF8C2 /* XCRemoteSwiftPackageReference "Alamofire.git" */,
			);
			productRefGroup = 4235B751281ECAFA002EF8C2 /* Products */;
			projectDirPath = "";
			projectRoot = "";
			targets = (
				4235B74F281ECAFA002EF8C2 /* Gists */,
			);
		};
/* End PBXProject section */

/* Begin PBXResourcesBuildPhase section */
		4235B74E281ECAFA002EF8C2 /* Resources */ = {
			isa = PBXResourcesBuildPhase;
			buildActionMask = 2147483647;
			files = (
				4235B760281ECAFD002EF8C2 /* LaunchScreen.storyboard in Resources */,
				4235B75D281ECAFD002EF8C2 /* Assets.xcassets in Resources */,
				4235B75B281ECAFA002EF8C2 /* Main.storyboard in Resources */,
			);
			runOnlyForDeploymentPostprocessing = 0;
		};
/* End PBXResourcesBuildPhase section */

/* Begin PBXShellScriptBuildPhase section */
		26C454EC5AEF0E6D7125988A /* [CP] Check Pods Manifest.lock */ = {
			isa = PBXShellScriptBuildPhase;
			buildActionMask = 2147483647;
			files = (
			);
			inputFileListPaths = (
			);
			inputPaths = (
				"${PODS_PODFILE_DIR_PATH}/Podfile.lock",
				"${PODS_ROOT}/Manifest.lock",
			);
			name = "[CP] Check Pods Manifest.lock";
			outputFileListPaths = (
			);
			outputPaths = (
				"$(DERIVED_FILE_DIR)/Pods-Gists-checkManifestLockResult.txt",
			);
			runOnlyForDeploymentPostprocessing = 0;
			shellPath = /bin/sh;
			shellScript = "diff \"${PODS_PODFILE_DIR_PATH}/Podfile.lock\" \"${PODS_ROOT}/Manifest.lock\" > /dev/null\nif [ $? != 0 ] ; then\n    # print error to STDERR\n    echo \"error: The sandbox is not in sync with the Podfile.lock. Run 'pod install' or update your CocoaPods installation.\" >&2\n    exit 1\nfi\n# This output is used by Xcode 'outputs' to avoid re-running this script phase.\necho \"SUCCESS\" > \"${SCRIPT_OUTPUT_FILE_0}\"\n";
			showEnvVarsInLog = 0;
		};
		F9A9A70E763595477A62BDF9 /* [CP] Embed Pods Frameworks */ = {
			isa = PBXShellScriptBuildPhase;
			buildActionMask = 2147483647;
			files = (
			);
			inputFileListPaths = (
				"${PODS_ROOT}/Target Support Files/Pods-Gists/Pods-Gists-frameworks-${CONFIGURATION}-input-files.xcfilelist",
			);
			name = "[CP] Embed Pods Frameworks";
			outputFileListPaths = (
				"${PODS_ROOT}/Target Support Files/Pods-Gists/Pods-Gists-frameworks-${CONFIGURATION}-output-files.xcfilelist",
			);
			runOnlyForDeploymentPostprocessing = 0;
			shellPath = /bin/sh;
			shellScript = "\"${PODS_ROOT}/Target Support Files/Pods-Gists/Pods-Gists-frameworks.sh\"\n";
			showEnvVarsInLog = 0;
		};
/* End PBXShellScriptBuildPhase section */

/* Begin PBXSourcesBuildPhase section */
		4235B74C281ECAFA002EF8C2 /* Sources */ = {
			isa = PBXSourcesBuildPhase;
			buildActionMask = 2147483647;
			files = (
				4235B758281ECAFA002EF8C2 /* ViewController.swift in Sources */,
				4235B768281ECB37002EF8C2 /* GitHubAPIManager.swift in Sources */,
				4235B775281EDE4A002EF8C2 /* JSONEncoder+EncodeResponse.swift in Sources */,
				4235B771281ED386002EF8C2 /* Gist.swift in Sources */,
				4235B773281EDDD4002EF8C2 /* BackendError.swift in Sources */,
				4235B754281ECAFA002EF8C2 /* AppDelegate.swift in Sources */,
				4235B76D281ECC71002EF8C2 /* GistRouter.swift in Sources */,
				4235B756281ECAFA002EF8C2 /* SceneDelegate.swift in Sources */,
			);
			runOnlyForDeploymentPostprocessing = 0;
		};
/* End PBXSourcesBuildPhase section */

/* Begin PBXVariantGroup section */
		4235B759281ECAFA002EF8C2 /* Main.storyboard */ = {
			isa = PBXVariantGroup;
			children = (
				4235B75A281ECAFA002EF8C2 /* Base */,
			);
			name = Main.storyboard;
			sourceTree = "<group>";
		};
		4235B75E281ECAFD002EF8C2 /* LaunchScreen.storyboard */ = {
			isa = PBXVariantGroup;
			children = (
				4235B75F281ECAFD002EF8C2 /* Base */,
			);
			name = LaunchScreen.storyboard;
			sourceTree = "<group>";
		};
/* End PBXVariantGroup section */

/* Begin XCBuildConfiguration section */
		4235B762281ECAFD002EF8C2 /* Debug */ = {
			isa = XCBuildConfiguration;
			buildSettings = {
				ALWAYS_SEARCH_USER_PATHS = NO;
				CLANG_ANALYZER_NONNULL = YES;
				CLANG_ANALYZER_NUMBER_OBJECT_CONVERSION = YES_AGGRESSIVE;
				CLANG_CXX_LANGUAGE_STANDARD = "gnu++17";
				CLANG_ENABLE_MODULES = YES;
				CLANG_ENABLE_OBJC_ARC = YES;
				CLANG_ENABLE_OBJC_WEAK = YES;
				CLANG_WARN_BLOCK_CAPTURE_AUTORELEASING = YES;
				CLANG_WARN_BOOL_CONVERSION = YES;
				CLANG_WARN_COMMA = YES;
				CLANG_WARN_CONSTANT_CONVERSION = YES;
				CLANG_WARN_DEPRECATED_OBJC_IMPLEMENTATIONS = YES;
				CLANG_WARN_DIRECT_OBJC_ISA_USAGE = YES_ERROR;
				CLANG_WARN_DOCUMENTATION_COMMENTS = YES;
				CLANG_WARN_EMPTY_BODY = YES;
				CLANG_WARN_ENUM_CONVERSION = YES;
				CLANG_WARN_INFINITE_RECURSION = YES;
				CLANG_WARN_INT_CONVERSION = YES;
				CLANG_WARN_NON_LITERAL_NULL_CONVERSION = YES;
				CLANG_WARN_OBJC_IMPLICIT_RETAIN_SELF = YES;
				CLANG_WARN_OBJC_LITERAL_CONVERSION = YES;
				CLANG_WARN_OBJC_ROOT_CLASS = YES_ERROR;
				CLANG_WARN_QUOTED_INCLUDE_IN_FRAMEWORK_HEADER = YES;
				CLANG_WARN_RANGE_LOOP_ANALYSIS = YES;
				CLANG_WARN_STRICT_PROTOTYPES = YES;
				CLANG_WARN_SUSPICIOUS_MOVE = YES;
				CLANG_WARN_UNGUARDED_AVAILABILITY = YES_AGGRESSIVE;
				CLANG_WARN_UNREACHABLE_CODE = YES;
				CLANG_WARN__DUPLICATE_METHOD_MATCH = YES;
				COPY_PHASE_STRIP = NO;
				DEBUG_INFORMATION_FORMAT = dwarf;
				ENABLE_STRICT_OBJC_MSGSEND = YES;
				ENABLE_TESTABILITY = YES;
				GCC_C_LANGUAGE_STANDARD = gnu11;
				GCC_DYNAMIC_NO_PIC = NO;
				GCC_NO_COMMON_BLOCKS = YES;
				GCC_OPTIMIZATION_LEVEL = 0;
				GCC_PREPROCESSOR_DEFINITIONS = (
					"DEBUG=1",
					"$(inherited)",
				);
				GCC_WARN_64_TO_32_BIT_CONVERSION = YES;
				GCC_WARN_ABOUT_RETURN_TYPE = YES_ERROR;
				GCC_WARN_UNDECLARED_SELECTOR = YES;
				GCC_WARN_UNINITIALIZED_AUTOS = YES_AGGRESSIVE;
				GCC_WARN_UNUSED_FUNCTION = YES;
				GCC_WARN_UNUSED_VARIABLE = YES;
				IPHONEOS_DEPLOYMENT_TARGET = 15.4;
				MTL_ENABLE_DEBUG_INFO = INCLUDE_SOURCE;
				MTL_FAST_MATH = YES;
				ONLY_ACTIVE_ARCH = YES;
				SDKROOT = iphoneos;
				SWIFT_ACTIVE_COMPILATION_CONDITIONS = DEBUG;
				SWIFT_OPTIMIZATION_LEVEL = "-Onone";
			};
			name = Debug;
		};
		4235B763281ECAFD002EF8C2 /* Release */ = {
			isa = XCBuildConfiguration;
			buildSettings = {
				ALWAYS_SEARCH_USER_PATHS = NO;
				CLANG_ANALYZER_NONNULL = YES;
				CLANG_ANALYZER_NUMBER_OBJECT_CONVERSION = YES_AGGRESSIVE;
				CLANG_CXX_LANGUAGE_STANDARD = "gnu++17";
				CLANG_ENABLE_MODULES = YES;
				CLANG_ENABLE_OBJC_ARC = YES;
				CLANG_ENABLE_OBJC_WEAK = YES;
				CLANG_WARN_BLOCK_CAPTURE_AUTORELEASING = YES;
				CLANG_WARN_BOOL_CONVERSION = YES;
				CLANG_WARN_COMMA = YES;
				CLANG_WARN_CONSTANT_CONVERSION = YES;
				CLANG_WARN_DEPRECATED_OBJC_IMPLEMENTATIONS = YES;
				CLANG_WARN_DIRECT_OBJC_ISA_USAGE = YES_ERROR;
				CLANG_WARN_DOCUMENTATION_COMMENTS = YES;
				CLANG_WARN_EMPTY_BODY = YES;
				CLANG_WARN_ENUM_CONVERSION = YES;
				CLANG_WARN_INFINITE_RECURSION = YES;
				CLANG_WARN_INT_CONVERSION = YES;
				CLANG_WARN_NON_LITERAL_NULL_CONVERSION = YES;
				CLANG_WARN_OBJC_IMPLICIT_RETAIN_SELF = YES;
				CLANG_WARN_OBJC_LITERAL_CONVERSION = YES;
				CLANG_WARN_OBJC_ROOT_CLASS = YES_ERROR;
				CLANG_WARN_QUOTED_INCLUDE_IN_FRAMEWORK_HEADER = YES;
				CLANG_WARN_RANGE_LOOP_ANALYSIS = YES;
				CLANG_WARN_STRICT_PROTOTYPES = YES;
				CLANG_WARN_SUSPICIOUS_MOVE = YES;
				CLANG_WARN_UNGUARDED_AVAILABILITY = YES_AGGRESSIVE;
				CLANG_WARN_UNREACHABLE_CODE = YES;
				CLANG_WARN__DUPLICATE_METHOD_MATCH = YES;
				COPY_PHASE_STRIP = NO;
				DEBUG_INFORMATION_FORMAT = "dwarf-with-dsym";
				ENABLE_NS_ASSERTIONS = NO;
				ENABLE_STRICT_OBJC_MSGSEND = YES;
				GCC_C_LANGUAGE_STANDARD = gnu11;
				GCC_NO_COMMON_BLOCKS = YES;
				GCC_WARN_64_TO_32_BIT_CONVERSION = YES;
				GCC_WARN_ABOUT_RETURN_TYPE = YES_ERROR;
				GCC_WARN_UNDECLARED_SELECTOR = YES;
				GCC_WARN_UNINITIALIZED_AUTOS = YES_AGGRESSIVE;
				GCC_WARN_UNUSED_FUNCTION = YES;
				GCC_WARN_UNUSED_VARIABLE = YES;
				IPHONEOS_DEPLOYMENT_TARGET = 15.4;
				MTL_ENABLE_DEBUG_INFO = NO;
				MTL_FAST_MATH = YES;
				SDKROOT = iphoneos;
				SWIFT_COMPILATION_MODE = wholemodule;
				SWIFT_OPTIMIZATION_LEVEL = "-O";
				VALIDATE_PRODUCT = YES;
			};
			name = Release;
		};
		4235B765281ECAFD002EF8C2 /* Debug */ = {
			isa = XCBuildConfiguration;
			baseConfigurationReference = F4D43BB4DD901E8F6439178D /* Pods-Gists.debug.xcconfig */;
			buildSettings = {
				ASSETCATALOG_COMPILER_APPICON_NAME = AppIcon;
				ASSETCATALOG_COMPILER_GLOBAL_ACCENT_COLOR_NAME = AccentColor;
				CODE_SIGN_STYLE = Automatic;
				CURRENT_PROJECT_VERSION = 1;
				DEVELOPMENT_TEAM = LJ87H7HMY5;
				GENERATE_INFOPLIST_FILE = YES;
				INFOPLIST_FILE = Gists/Info.plist;
				INFOPLIST_KEY_UIApplicationSupportsIndirectInputEvents = YES;
				INFOPLIST_KEY_UILaunchStoryboardName = LaunchScreen;
				INFOPLIST_KEY_UIMainStoryboardFile = Main;
				INFOPLIST_KEY_UISupportedInterfaceOrientations_iPad = "UIInterfaceOrientationPortrait UIInterfaceOrientationPortraitUpsideDown UIInterfaceOrientationLandscapeLeft UIInterfaceOrientationLandscapeRight";
				INFOPLIST_KEY_UISupportedInterfaceOrientations_iPhone = "UIInterfaceOrientationPortrait UIInterfaceOrientationLandscapeLeft UIInterfaceOrientationLandscapeRight";
				LD_RUNPATH_SEARCH_PATHS = (
					"$(inherited)",
					"@executable_path/Frameworks",
				);
				MARKETING_VERSION = 1.0;
				PRODUCT_BUNDLE_IDENTIFIER = com.mohsinayub.Gists;
				PRODUCT_NAME = "$(TARGET_NAME)";
				SWIFT_EMIT_LOC_STRINGS = YES;
				SWIFT_VERSION = 5.0;
				TARGETED_DEVICE_FAMILY = "1,2";
			};
			name = Debug;
		};
		4235B766281ECAFD002EF8C2 /* Release */ = {
			isa = XCBuildConfiguration;
			baseConfigurationReference = 3F9CB52D81154B9420F166CE /* Pods-Gists.release.xcconfig */;
			buildSettings = {
				ASSETCATALOG_COMPILER_APPICON_NAME = AppIcon;
				ASSETCATALOG_COMPILER_GLOBAL_ACCENT_COLOR_NAME = AccentColor;
				CODE_SIGN_STYLE = Automatic;
				CURRENT_PROJECT_VERSION = 1;
				DEVELOPMENT_TEAM = LJ87H7HMY5;
				GENERATE_INFOPLIST_FILE = YES;
				INFOPLIST_FILE = Gists/Info.plist;
				INFOPLIST_KEY_UIApplicationSupportsIndirectInputEvents = YES;
				INFOPLIST_KEY_UILaunchStoryboardName = LaunchScreen;
				INFOPLIST_KEY_UIMainStoryboardFile = Main;
				INFOPLIST_KEY_UISupportedInterfaceOrientations_iPad = "UIInterfaceOrientationPortrait UIInterfaceOrientationPortraitUpsideDown UIInterfaceOrientationLandscapeLeft UIInterfaceOrientationLandscapeRight";
				INFOPLIST_KEY_UISupportedInterfaceOrientations_iPhone = "UIInterfaceOrientationPortrait UIInterfaceOrientationLandscapeLeft UIInterfaceOrientationLandscapeRight";
				LD_RUNPATH_SEARCH_PATHS = (
					"$(inherited)",
					"@executable_path/Frameworks",
				);
				MARKETING_VERSION = 1.0;
				PRODUCT_BUNDLE_IDENTIFIER = com.mohsinayub.Gists;
				PRODUCT_NAME = "$(TARGET_NAME)";
				SWIFT_EMIT_LOC_STRINGS = YES;
				SWIFT_VERSION = 5.0;
				TARGETED_DEVICE_FAMILY = "1,2";
			};
			name = Release;
		};
/* End XCBuildConfiguration section */

/* Begin XCConfigurationList section */
		4235B74B281ECAFA002EF8C2 /* Build configuration list for PBXProject "Gists" */ = {
			isa = XCConfigurationList;
			buildConfigurations = (
				4235B762281ECAFD002EF8C2 /* Debug */,
				4235B763281ECAFD002EF8C2 /* Release */,
			);
			defaultConfigurationIsVisible = 0;
			defaultConfigurationName = Release;
		};
		4235B764281ECAFD002EF8C2 /* Build configuration list for PBXNativeTarget "Gists" */ = {
			isa = XCConfigurationList;
			buildConfigurations = (
				4235B765281ECAFD002EF8C2 /* Debug */,
				4235B766281ECAFD002EF8C2 /* Release */,
			);
			defaultConfigurationIsVisible = 0;
			defaultConfigurationName = Release;
		};
/* End XCConfigurationList section */

/* Begin XCRemoteSwiftPackageReference section */
		4235B769281ECBBB002EF8C2 /* XCRemoteSwiftPackageReference "Alamofire.git" */ = {
			isa = XCRemoteSwiftPackageReference;
			repositoryURL = "https://github.com/Alamofire/Alamofire.git";
			requirement = {
				kind = upToNextMajorVersion;
				minimumVersion = 5.0.0;
			};
		};
/* End XCRemoteSwiftPackageReference section */

/* Begin XCSwiftPackageProductDependency section */
		4235B76A281ECBBB002EF8C2 /* Alamofire */ = {
			isa = XCSwiftPackageProductDependency;
			package = 4235B769281ECBBB002EF8C2 /* XCRemoteSwiftPackageReference "Alamofire.git" */;
			productName = Alamofire;
		};
/* End XCSwiftPackageProductDependency section */
	};
	rootObject = 4235B748281ECAFA002EF8C2 /* Project object */;
}
